
Microsoft Visual Studio Solution File, Format Version 12.00
# Visual Studio Version 18
VisualStudioVersion = 18.3.11312.210
MinimumVisualStudioVersion = 10.0.40219.1
Project("{FAE04EC0-301F-11D3-BF4B-00C04F79EFBC}") = "OAuth2", "OAuth2\OAuth2.csproj", "{D6A04BF8-E906-4953-9D22-B8C9AD5AFF9D}"
EndProject
Project("{2150E333-8FDC-42A3-9474-1A3956D46DE8}") = "Services", "Services", "{C8D5274F-AC00-46C7-1F8D-E88E81087A52}"
EndProject
Project("{2150E333-8FDC-42A3-9474-1A3956D46DE8}") = "Frontend", "Frontend", "{E90F7EFD-FAD3-4219-8CA7-4D115A9E288B}"
EndProject
Project("{FAE04EC0-301F-11D3-BF4B-00C04F79EFBC}") = "OAuth2.SQL", "OAuth2.SQL\OAuth2.SQL.csproj", "{35467584-34B1-46C6-BE9B-0AD44395DB0A}"
EndProject
Project("{2150E333-8FDC-42A3-9474-1A3956D46DE8}") = "Utility", "Utility", "{71FF9D2E-1C8B-423C-8A73-C8513FBD1E9E}"
EndProject
Project("{FAE04EC0-301F-11D3-BF4B-00C04F79EFBC}") = "SQLMigration", "SQLMigration\SQLMigration.csproj", "{581161F2-9F45-43E3-AACE-09C9C2C1EBA9}"
EndProject
Project("{FAE04EC0-301F-11D3-BF4B-00C04F79EFBC}") = "OAuth2.Controllers", "OAuth2.Controllers\OAuth2.Controllers.csproj", "{FF8DCA7A-C6D0-405A-B4F8-8257CC47AC17}"
EndProject
Project("{FAE04EC0-301F-11D3-BF4B-00C04F79EFBC}") = "BlazorSharedComponent", "BlazorSharedComponent\BlazorSharedComponent.csproj", "{CECD8984-E59C-42A6-8C63-CCDECDE259A8}"
EndProject
Project("{FAE04EC0-301F-11D3-BF4B-00C04F79EFBC}") = "OAuth2.Abstractions", "OAuth2.Abstractions\OAuth2.Abstractions.csproj", "{57230958-E59C-8F14-AD23-4C9B5F6BBB53}"
EndProject
Project("{FAE04EC0-301F-11D3-BF4B-00C04F79EFBC}") = "OAuth2.Core", "OAuth2.Core\OAuth2.Core.csproj", "{DB0C216C-F2E9-B188-12AC-5ED37FEC1E3F}"
EndProject
Project("{FAE04EC0-301F-11D3-BF4B-00C04F79EFBC}") = "OpenAI", "OpenAI\OpenAI.csproj", "{D8E3B9D9-57FB-4C00-B674-09E5051A9178}"
EndProject
Project("{FAE04EC0-301F-11D3-BF4B-00C04F79EFBC}") = "OpenAI.Abstractions", "OpenAI.Abstractions\OpenAI.Abstractions.csproj", "{80DA4588-3EB8-4ABD-BD6D-1E8E2C329A37}"
EndProject
Project("{FAE04EC0-301F-11D3-BF4B-00C04F79EFBC}") = "OpenAI.Core", "OpenAI.Core\OpenAI.Core.csproj", "{A4D8587C-AE1F-4D45-9907-5321EF6CEFF9}"
EndProject
Project("{FAE04EC0-301F-11D3-BF4B-00C04F79EFBC}") = "OpenAI.Controllers", "OpenAI.Controllers\OpenAI.Controllers.csproj", "{C11B0207-228F-48AC-9B77-FDC8F09DF73A}"
EndProject
Project("{FAE04EC0-301F-11D3-BF4B-00C04F79EFBC}") = "OpenAI.SQL", "OpenAI.SQL\OpenAI.SQL.csproj", "{85AF6E44-3DEE-4113-9EBF-1B7A5E008B33}"
EndProject
Global
	GlobalSection(SolutionConfigurationPlatforms) = preSolution
		Debug|Any CPU = Debug|Any CPU
		Release|Any CPU = Release|Any CPU
	EndGlobalSection
	GlobalSection(ProjectConfigurationPlatforms) = postSolution
		{D6A04BF8-E906-4953-9D22-B8C9AD5AFF9D}.Debug|Any CPU.ActiveCfg = Debug|Any CPU
		{D6A04BF8-E906-4953-9D22-B8C9AD5AFF9D}.Debug|Any CPU.Build.0 = Debug|Any CPU
		{D6A04BF8-E906-4953-9D22-B8C9AD5AFF9D}.Release|Any CPU.ActiveCfg = Release|Any CPU
		{D6A04BF8-E906-4953-9D22-B8C9AD5AFF9D}.Release|Any CPU.Build.0 = Release|Any CPU
		{35467584-34B1-46C6-BE9B-0AD44395DB0A}.Debug|Any CPU.ActiveCfg = Debug|Any CPU
		{35467584-34B1-46C6-BE9B-0AD44395DB0A}.Debug|Any CPU.Build.0 = Debug|Any CPU
		{35467584-34B1-46C6-BE9B-0AD44395DB0A}.Release|Any CPU.ActiveCfg = Release|Any CPU
		{35467584-34B1-46C6-BE9B-0AD44395DB0A}.Release|Any CPU.Build.0 = Release|Any CPU
		{581161F2-9F45-43E3-AACE-09C9C2C1EBA9}.Debug|Any CPU.ActiveCfg = Debug|Any CPU
		{581161F2-9F45-43E3-AACE-09C9C2C1EBA9}.Debug|Any CPU.Build.0 = Debug|Any CPU
		{581161F2-9F45-43E3-AACE-09C9C2C1EBA9}.Release|Any CPU.ActiveCfg = Release|Any CPU
		{581161F2-9F45-43E3-AACE-09C9C2C1EBA9}.Release|Any CPU.Build.0 = Release|Any CPU
		{FF8DCA7A-C6D0-405A-B4F8-8257CC47AC17}.Debug|Any CPU.ActiveCfg = Debug|Any CPU
		{FF8DCA7A-C6D0-405A-B4F8-8257CC47AC17}.Debug|Any CPU.Build.0 = Debug|Any CPU
		{FF8DCA7A-C6D0-405A-B4F8-8257CC47AC17}.Release|Any CPU.ActiveCfg = Release|Any CPU
		{FF8DCA7A-C6D0-405A-B4F8-8257CC47AC17}.Release|Any CPU.Build.0 = Release|Any CPU
		{CECD8984-E59C-42A6-8C63-CCDECDE259A8}.Debug|Any CPU.ActiveCfg = Debug|Any CPU
		{CECD8984-E59C-42A6-8C63-CCDECDE259A8}.Debug|Any CPU.Build.0 = Debug|Any CPU
		{CECD8984-E59C-42A6-8C63-CCDECDE259A8}.Release|Any CPU.ActiveCfg = Release|Any CPU
		{CECD8984-E59C-42A6-8C63-CCDECDE259A8}.Release|Any CPU.Build.0 = Release|Any CPU
		{57230958-E59C-8F14-AD23-4C9B5F6BBB53}.Debug|Any CPU.ActiveCfg = Debug|Any CPU
		{57230958-E59C-8F14-AD23-4C9B5F6BBB53}.Debug|Any CPU.Build.0 = Debug|Any CPU
		{57230958-E59C-8F14-AD23-4C9B5F6BBB53}.Release|Any CPU.ActiveCfg = Release|Any CPU
		{57230958-E59C-8F14-AD23-4C9B5F6BBB53}.Release|Any CPU.Build.0 = Release|Any CPU
		{DB0C216C-F2E9-B188-12AC-5ED37FEC1E3F}.Debug|Any CPU.ActiveCfg = Debug|Any CPU
		{DB0C216C-F2E9-B188-12AC-5ED37FEC1E3F}.Debug|Any CPU.Build.0 = Debug|Any CPU
		{DB0C216C-F2E9-B188-12AC-5ED37FEC1E3F}.Release|Any CPU.ActiveCfg = Release|Any CPU
		{DB0C216C-F2E9-B188-12AC-5ED37FEC1E3F}.Release|Any CPU.Build.0 = Release|Any CPU
		{D8E3B9D9-57FB-4C00-B674-09E5051A9178}.Debug|Any CPU.ActiveCfg = Debug|Any CPU
		{D8E3B9D9-57FB-4C00-B674-09E5051A9178}.Debug|Any CPU.Build.0 = Debug|Any CPU
		{D8E3B9D9-57FB-4C00-B674-09E5051A9178}.Release|Any CPU.ActiveCfg = Release|Any CPU
		{D8E3B9D9-57FB-4C00-B674-09E5051A9178}.Release|Any CPU.Build.0 = Release|Any CPU
		{80DA4588-3EB8-4ABD-BD6D-1E8E2C329A37}.Debug|Any CPU.ActiveCfg = Debug|Any CPU
		{80DA4588-3EB8-4ABD-BD6D-1E8E2C329A37}.Debug|Any CPU.Build.0 = Debug|Any CPU
		{80DA4588-3EB8-4ABD-BD6D-1E8E2C329A37}.Release|Any CPU.ActiveCfg = Release|Any CPU
		{80DA4588-3EB8-4ABD-BD6D-1E8E2C329A37}.Release|Any CPU.Build.0 = Release|Any CPU
		{A4D8587C-AE1F-4D45-9907-5321EF6CEFF9}.Debug|Any CPU.ActiveCfg = Debug|Any CPU
		{A4D8587C-AE1F-4D45-9907-5321EF6CEFF9}.Debug|Any CPU.Build.0 = Debug|Any CPU
		{A4D8587C-AE1F-4D45-9907-5321EF6CEFF9}.Release|Any CPU.ActiveCfg = Release|Any CPU
		{A4D8587C-AE1F-4D45-9907-5321EF6CEFF9}.Release|Any CPU.Build.0 = Release|Any CPU
		{C11B0207-228F-48AC-9B77-FDC8F09DF73A}.Debug|Any CPU.ActiveCfg = Debug|Any CPU
		{C11B0207-228F-48AC-9B77-FDC8F09DF73A}.Debug|Any CPU.Build.0 = Debug|Any CPU
		{C11B0207-228F-48AC-9B77-FDC8F09DF73A}.Release|Any CPU.ActiveCfg = Release|Any CPU
		{C11B0207-228F-48AC-9B77-FDC8F09DF73A}.Release|Any CPU.Build.0 = Release|Any CPU
		{85AF6E44-3DEE-4113-9EBF-1B7A5E008B33}.Debug|Any CPU.ActiveCfg = Debug|Any CPU
		{85AF6E44-3DEE-4113-9EBF-1B7A5E008B33}.Debug|Any CPU.Build.0 = Debug|Any CPU
		{85AF6E44-3DEE-4113-9EBF-1B7A5E008B33}.Release|Any CPU.ActiveCfg = Release|Any CPU
		{85AF6E44-3DEE-4113-9EBF-1B7A5E008B33}.Release|Any CPU.Build.0 = Release|Any CPU
	EndGlobalSection
	GlobalSection(SolutionProperties) = preSolution
		HideSolutionNode = FALSE
	EndGlobalSection
	GlobalSection(NestedProjects) = preSolution
		{D6A04BF8-E906-4953-9D22-B8C9AD5AFF9D} = {E90F7EFD-FAD3-4219-8CA7-4D115A9E288B}
		{35467584-34B1-46C6-BE9B-0AD44395DB0A} = {C8D5274F-AC00-46C7-1F8D-E88E81087A52}
		{581161F2-9F45-43E3-AACE-09C9C2C1EBA9} = {71FF9D2E-1C8B-423C-8A73-C8513FBD1E9E}
		{FF8DCA7A-C6D0-405A-B4F8-8257CC47AC17} = {C8D5274F-AC00-46C7-1F8D-E88E81087A52}
		{CECD8984-E59C-42A6-8C63-CCDECDE259A8} = {71FF9D2E-1C8B-423C-8A73-C8513FBD1E9E}
		{57230958-E59C-8F14-AD23-4C9B5F6BBB53} = {C8D5274F-AC00-46C7-1F8D-E88E81087A52}
		{DB0C216C-F2E9-B188-12AC-5ED37FEC1E3F} = {C8D5274F-AC00-46C7-1F8D-E88E81087A52}
		{D8E3B9D9-57FB-4C00-B674-09E5051A9178} = {E90F7EFD-FAD3-4219-8CA7-4D115A9E288B}
		{80DA4588-3EB8-4ABD-BD6D-1E8E2C329A37} = {C8D5274F-AC00-46C7-1F8D-E88E81087A52}
		{A4D8587C-AE1F-4D45-9907-5321EF6CEFF9} = {C8D5274F-AC00-46C7-1F8D-E88E81087A52}
		{C11B0207-228F-48AC-9B77-FDC8F09DF73A} = {C8D5274F-AC00-46C7-1F8D-E88E81087A52}
		{85AF6E44-3DEE-4113-9EBF-1B7A5E008B33} = {C8D5274F-AC00-46C7-1F8D-E88E81087A52}
	EndGlobalSection
	GlobalSection(ExtensibilityGlobals) = postSolution
		SolutionGuid = {AA50FDB1-B30B-44CD-90FC-E31B5B3C7AAA}
	EndGlobalSection
EndGlobal
